// !$*UTF8*$!
{
	archiveVersion = 1;
	classes = {
	};
	objectVersion = 50;
	objects = {

/* Begin PBXBuildFile section */
		A614C35F22CE0A6900420005 /* AppDelegate.swift in Sources */ = {isa = PBXBuildFile; fileRef = A614C35E22CE0A6900420005 /* AppDelegate.swift */; };
		A614C36122CE0A6900420005 /* ViewController.swift in Sources */ = {isa = PBXBuildFile; fileRef = A614C36022CE0A6900420005 /* ViewController.swift */; };
		A614C36422CE0A6900420005 /* Main.storyboard in Resources */ = {isa = PBXBuildFile; fileRef = A614C36222CE0A6900420005 /* Main.storyboard */; };
		A614C36622CE0A6B00420005 /* Assets.xcassets in Resources */ = {isa = PBXBuildFile; fileRef = A614C36522CE0A6B00420005 /* Assets.xcassets */; };
		A614C36922CE0A6B00420005 /* LaunchScreen.storyboard in Resources */ = {isa = PBXBuildFile; fileRef = A614C36722CE0A6B00420005 /* LaunchScreen.storyboard */; };
		A614C37122CE0AAB00420005 /* SampleView.swift in Sources */ = {isa = PBXBuildFile; fileRef = A614C37022CE0AAB00420005 /* SampleView.swift */; };
		A641DA4422CE262D0071E973 /* zombies.txt in Resources */ = {isa = PBXBuildFile; fileRef = A641DA4022CE262D0071E973 /* zombies.txt */; };
		A641DA4522CE262D0071E973 /* zombie1.jpg in Resources */ = {isa = PBXBuildFile; fileRef = A641DA4122CE262D0071E973 /* zombie1.jpg */; };
		A641DA4622CE262D0071E973 /* zombie2.jpg in Resources */ = {isa = PBXBuildFile; fileRef = A641DA4222CE262D0071E973 /* zombie2.jpg */; };
		A641DA4722CE262D0071E973 /* zombie3.jpg in Resources */ = {isa = PBXBuildFile; fileRef = A641DA4322CE262D0071E973 /* zombie3.jpg */; };
		A641DA4922CE26B80071E973 /* MarkupParser.swift in Sources */ = {isa = PBXBuildFile; fileRef = A641DA4822CE26B80071E973 /* MarkupParser.swift */; };
/* End PBXBuildFile section */

/* Begin PBXFileReference section */
		A614C35B22CE0A6900420005 /* DemoCoreText.app */ = {isa = PBXFileReference; explicitFileType = wrapper.application; includeInIndex = 0; path = DemoCoreText.app; sourceTree = BUILT_PRODUCTS_DIR; };
		A614C35E22CE0A6900420005 /* AppDelegate.swift */ = {isa = PBXFileReference; lastKnownFileType = sourcecode.swift; path = AppDelegate.swift; sourceTree = "<group>"; };
		A614C36022CE0A6900420005 /* ViewController.swift */ = {isa = PBXFileReference; lastKnownFileType = sourcecode.swift; path = ViewController.swift; sourceTree = "<group>"; };
		A614C36322CE0A6900420005 /* Base */ = {isa = PBXFileReference; lastKnownFileType = file.storyboard; name = Base; path = Base.lproj/Main.storyboard; sourceTree = "<group>"; };
		A614C36522CE0A6B00420005 /* Assets.xcassets */ = {isa = PBXFileReference; lastKnownFileType = folder.assetcatalog; path = Assets.xcassets; sourceTree = "<group>"; };
		A614C36822CE0A6B00420005 /* Base */ = {isa = PBXFileReference; lastKnownFileType = file.storyboard; name = Base; path = Base.lproj/LaunchScreen.storyboard; sourceTree = "<group>"; };
		A614C36A22CE0A6B00420005 /* Info.plist */ = {isa = PBXFileReference; lastKnownFileType = text.plist.xml; path = Info.plist; sourceTree = "<group>"; };
		A614C37022CE0AAB00420005 /* SampleView.swift */ = {isa = PBXFileReference; lastKnownFileType = sourcecode.swift; path = SampleView.swift; sourceTree = "<group>"; };
		A641DA4022CE262D0071E973 /* zombies.txt */ = {isa = PBXFileReference; fileEncoding = 4; lastKnownFileType = text; path = zombies.txt; sourceTree = "<group>"; };
		A641DA4122CE262D0071E973 /* zombie1.jpg */ = {isa = PBXFileReference; lastKnownFileType = image.jpeg; path = zombie1.jpg; sourceTree = "<group>"; };
		A641DA4222CE262D0071E973 /* zombie2.jpg */ = {isa = PBXFileReference; lastKnownFileType = image.jpeg; path = zombie2.jpg; sourceTree = "<group>"; };
		A641DA4322CE262D0071E973 /* zombie3.jpg */ = {isa = PBXFileReference; lastKnownFileType = image.jpeg; path = zombie3.jpg; sourceTree = "<group>"; };
		A641DA4822CE26B80071E973 /* MarkupParser.swift */ = {isa = PBXFileReference; lastKnownFileType = sourcecode.swift; path = MarkupParser.swift; sourceTree = "<group>"; };
/* End PBXFileReference section */

/* Begin PBXFrameworksBuildPhase section */
		A614C35822CE0A6900420005 /* Frameworks */ = {
			isa = PBXFrameworksBuildPhase;
			buildActionMask = 2147483647;
			files = (
			);
			runOnlyForDeploymentPostprocessing = 0;
		};
/* End PBXFrameworksBuildPhase section */

/* Begin PBXGroup section */
		A614C35222CE0A6900420005 = {
			isa = PBXGroup;
			children = (
				A614C35D22CE0A6900420005 /* DemoCoreText */,
				A614C35C22CE0A6900420005 /* Products */,
			);
			sourceTree = "<group>";
		};
		A614C35C22CE0A6900420005 /* Products */ = {
			isa = PBXGroup;
			children = (
				A614C35B22CE0A6900420005 /* DemoCoreText.app */,
			);
			name = Products;
			sourceTree = "<group>";
		};
		A614C35D22CE0A6900420005 /* DemoCoreText */ = {
			isa = PBXGroup;
			children = (
				A641DA3F22CE262D0071E973 /* Content */,
				A614C35E22CE0A6900420005 /* AppDelegate.swift */,
				A614C36022CE0A6900420005 /* ViewController.swift */,
				A614C36222CE0A6900420005 /* Main.storyboard */,
				A614C36522CE0A6B00420005 /* Assets.xcassets */,
				A614C36722CE0A6B00420005 /* LaunchScreen.storyboard */,
				A614C36A22CE0A6B00420005 /* Info.plist */,
				A614C37022CE0AAB00420005 /* SampleView.swift */,
				A641DA4822CE26B80071E973 /* MarkupParser.swift */,
			);
			path = DemoCoreText;
			sourceTree = "<group>";
		};
		A641DA3F22CE262D0071E973 /* Content */ = {
			isa = PBXGroup;
			children = (
				A641DA4022CE262D0071E973 /* zombies.txt */,
				A641DA4122CE262D0071E973 /* zombie1.jpg */,
				A641DA4222CE262D0071E973 /* zombie2.jpg */,
				A641DA4322CE262D0071E973 /* zombie3.jpg */,
			);
			path = Content;
			sourceTree = "<group>";
		};
/* End PBXGroup section */

/* Begin PBXNativeTarget section */
		A614C35A22CE0A6900420005 /* DemoCoreText */ = {
			isa = PBXNativeTarget;
			buildConfigurationList = A614C36D22CE0A6B00420005 /* Build configuration list for PBXNativeTarget "DemoCoreText" */;
			buildPhases = (
				A614C35722CE0A6900420005 /* Sources */,
				A614C35822CE0A6900420005 /* Frameworks */,
				A614C35922CE0A6900420005 /* Resources */,
			);
			buildRules = (
			);
			dependencies = (
			);
			name = DemoCoreText;
			productName = DemoCoreText;
			productReference = A614C35B22CE0A6900420005 /* DemoCoreText.app */;
			productType = "com.apple.product-type.application";
		};
/* End PBXNativeTarget section */

/* Begin PBXProject section */
		A614C35322CE0A6900420005 /* Project object */ = {
			isa = PBXProject;
			attributes = {
				LastSwiftUpdateCheck = 1020;
				LastUpgradeCheck = 1020;
				ORGANIZATIONNAME = UnmeshRathod;
				TargetAttributes = {
					A614C35A22CE0A6900420005 = {
						CreatedOnToolsVersion = 10.2.1;
					};
				};
			};
			buildConfigurationList = A614C35622CE0A6900420005 /* Build configuration list for PBXProject "DemoCoreText" */;
			compatibilityVersion = "Xcode 9.3";
			developmentRegion = en;
			hasScannedForEncodings = 0;
			knownRegions = (
				en,
				Base,
			);
			mainGroup = A614C35222CE0A6900420005;
			productRefGroup = A614C35C22CE0A6900420005 /* Products */;
			projectDirPath = "";
			projectRoot = "";
			targets = (
				A614C35A22CE0A6900420005 /* DemoCoreText */,
			);
		};
/* End PBXProject section */

/* Begin PBXResourcesBuildPhase section */
		A614C35922CE0A6900420005 /* Resources */ = {
			isa = PBXResourcesBuildPhase;
			buildActionMask = 2147483647;
			files = (
				A614C36922CE0A6B00420005 /* LaunchScreen.storyboard in Resources */,
				A614C36622CE0A6B00420005 /* Assets.xcassets in Resources */,
				A641DA4422CE262D0071E973 /* zombies.txt in Resources */,
				A614C36422CE0A6900420005 /* Main.storyboard in Resources */,
				A641DA4622CE262D0071E973 /* zombie2.jpg in Resources */,
				A641DA4522CE262D0071E973 /* zombie1.jpg in Resources */,
				A641DA4722CE262D0071E973 /* zombie3.jpg in Resources */,
			);
			runOnlyForDeploymentPostprocessing = 0;
		};
/* End PBXResourcesBuildPhase section */

/* Begin PBXSourcesBuildPhase section */
		A614C35722CE0A6900420005 /* Sources */ = {
			isa = PBXSourcesBuildPhase;
			buildActionMask = 2147483647;
			files = (
				A614C36122CE0A6900420005 /* ViewController.swift in Sources */,
				A614C37122CE0AAB00420005 /* SampleView.swift in Sources */,
				A641DA4922CE26B80071E973 /* MarkupParser.swift in Sources */,
				A614C35F22CE0A6900420005 /* AppDelegate.swift in Sources */,
			);
			runOnlyForDeploymentPostprocessing = 0;
		};
/* End PBXSourcesBuildPhase section */

/* Begin PBXVariantGroup section */
		A614C36222CE0A6900420005 /* Main.storyboard */ = {
			isa = PBXVariantGroup;
			children = (
				A614C36322CE0A6900420005 /* Base */,
			);
			name = Main.storyboard;
			sourceTree = "<group>";
		};
		A614C36722CE0A6B00420005 /* LaunchScreen.storyboard */ = {
			isa = PBXVariantGroup;
			children = (
				A614C36822CE0A6B00420005 /* Base */,
			);
			name = LaunchScreen.storyboard;
			sourceTree = "<group>";
		};
/* End PBXVariantGroup section */

/* Begin XCBuildConfiguration section */
		A614C36B22CE0A6B00420005 /* Debug */ = {
			isa = XCBuildConfiguration;
			buildSettings = {
				ALWAYS_SEARCH_USER_PATHS = NO;
				CLANG_ANALYZER_NONNULL = YES;
				CLANG_ANALYZER_NUMBER_OBJECT_CONVERSION = YES_AGGRESSIVE;
				CLANG_CXX_LANGUAGE_STANDARD = "gnu++14";
				CLANG_CXX_LIBRARY = "libc++";
				CLANG_ENABLE_MODULES = YES;
				CLANG_ENABLE_OBJC_ARC = YES;
				CLANG_ENABLE_OBJC_WEAK = YES;
				CLANG_WARN_BLOCK_CAPTURE_AUTORELEASING = YES;
				CLANG_WARN_BOOL_CONVERSION = YES;
				CLANG_WARN_COMMA = YES;
				CLANG_WARN_CONSTANT_CONVERSION = YES;
				CLANG_WARN_DEPRECATED_OBJC_IMPLEMENTATIONS = YES;
				CLANG_WARN_DIRECT_OBJC_ISA_USAGE = YES_ERROR;
				CLANG_WARN_DOCUMENTATION_COMMENTS = YES;
				CLANG_WARN_EMPTY_BODY = YES;
				CLANG_WARN_ENUM_CONVERSION = YES;
				CLANG_WARN_INFINITE_RECURSION = YES;
				CLANG_WARN_INT_CONVERSION = YES;
				CLANG_WARN_NON_LITERAL_NULL_CONVERSION = YES;
				CLANG_WARN_OBJC_IMPLICIT_RETAIN_SELF = YES;
				CLANG_WARN_OBJC_LITERAL_CONVERSION = YES;
				CLANG_WARN_OBJC_ROOT_CLASS = YES_ERROR;
				CLANG_WARN_RANGE_LOOP_ANALYSIS = YES;
				CLANG_WARN_STRICT_PROTOTYPES = YES;
				CLANG_WARN_SUSPICIOUS_MOVE = YES;
				CLANG_WARN_UNGUARDED_AVAILABILITY = YES_AGGRESSIVE;
				CLANG_WARN_UNREACHABLE_CODE = YES;
				CLANG_WARN__DUPLICATE_METHOD_MATCH = YES;
				CODE_SIGN_IDENTITY = "iPhone Developer";
				COPY_PHASE_STRIP = NO;
				DEBUG_INFORMATION_FORMAT = dwarf;
				ENABLE_STRICT_OBJC_MSGSEND = YES;
				ENABLE_TESTABILITY = YES;
				GCC_C_LANGUAGE_STANDARD = gnu11;
				GCC_DYNAMIC_NO_PIC = NO;
				GCC_NO_COMMON_BLOCKS = YES;
				GCC_OPTIMIZATION_LEVEL = 0;
				GCC_PREPROCESSOR_DEFINITIONS = (
					"DEBUG=1",
					"$(inherited)",
				);
				GCC_WARN_64_TO_32_BIT_CONVERSION = YES;
				GCC_WARN_ABOUT_RETURN_TYPE = YES_ERROR;
				GCC_WARN_UNDECLARED_SELECTOR = YES;
				GCC_WARN_UNINITIALIZED_AUTOS = YES_AGGRESSIVE;
				GCC_WARN_UNUSED_FUNCTION = YES;
				GCC_WARN_UNUSED_VARIABLE = YES;
				IPHONEOS_DEPLOYMENT_TARGET = 12.2;
				MTL_ENABLE_DEBUG_INFO = INCLUDE_SOURCE;
				MTL_FAST_MATH = YES;
				ONLY_ACTIVE_ARCH = YES;
				SDKROOT = iphoneos;
				SWIFT_ACTIVE_COMPILATION_CONDITIONS = DEBUG;
				SWIFT_OPTIMIZATION_LEVEL = "-Onone";
			};
			name = Debug;
		};
		A614C36C22CE0A6B00420005 /* Release */ = {
			isa = XCBuildConfiguration;
			buildSettings = {
				ALWAYS_SEARCH_USER_PATHS = NO;
				CLANG_ANALYZER_NONNULL = YES;
				CLANG_ANALYZER_NUMBER_OBJECT_CONVERSION = YES_AGGRESSIVE;
				CLANG_CXX_LANGUAGE_STANDARD = "gnu++14";
				CLANG_CXX_LIBRARY = "libc++";
				CLANG_ENABLE_MODULES = YES;
				CLANG_ENABLE_OBJC_ARC = YES;
				CLANG_ENABLE_OBJC_WEAK = YES;
				CLANG_WARN_BLOCK_CAPTURE_AUTORELEASING = YES;
				CLANG_WARN_BOOL_CONVERSION = YES;
				CLANG_WARN_COMMA = YES;
				CLANG_WARN_CONSTANT_CONVERSION = YES;
				CLANG_WARN_DEPRECATED_OBJC_IMPLEMENTATIONS = YES;
				CLANG_WARN_DIRECT_OBJC_ISA_USAGE = YES_ERROR;
				CLANG_WARN_DOCUMENTATION_COMMENTS = YES;
				CLANG_WARN_EMPTY_BODY = YES;
				CLANG_WARN_ENUM_CONVERSION = YES;
				CLANG_WARN_INFINITE_RECURSION = YES;
				CLANG_WARN_INT_CONVERSION = YES;
				CLANG_WARN_NON_LITERAL_NULL_CONVERSION = YES;
				CLANG_WARN_OBJC_IMPLICIT_RETAIN_SELF = YES;
				CLANG_WARN_OBJC_LITERAL_CONVERSION = YES;
				CLANG_WARN_OBJC_ROOT_CLASS = YES_ERROR;
				CLANG_WARN_RANGE_LOOP_ANALYSIS = YES;
				CLANG_WARN_STRICT_PROTOTYPES = YES;
				CLANG_WARN_SUSPICIOUS_MOVE = YES;
				CLANG_WARN_UNGUARDED_AVAILABILITY = YES_AGGRESSIVE;
				CLANG_WARN_UNREACHABLE_CODE = YES;
				CLANG_WARN__DUPLICATE_METHOD_MATCH = YES;
				CODE_SIGN_IDENTITY = "iPhone Developer";
				COPY_PHASE_STRIP = NO;
				DEBUG_INFORMATION_FORMAT = "dwarf-with-dsym";
				ENABLE_NS_ASSERTIONS = NO;
				ENABLE_STRICT_OBJC_MSGSEND = YES;
				GCC_C_LANGUAGE_STANDARD = gnu11;
				GCC_NO_COMMON_BLOCKS = YES;
				GCC_WARN_64_TO_32_BIT_CONVERSION = YES;
				GCC_WARN_ABOUT_RETURN_TYPE = YES_ERROR;
				GCC_WARN_UNDECLARED_SELECTOR = YES;
				GCC_WARN_UNINITIALIZED_AUTOS = YES_AGGRESSIVE;
				GCC_WARN_UNUSED_FUNCTION = YES;
				GCC_WARN_UNUSED_VARIABLE = YES;
				IPHONEOS_DEPLOYMENT_TARGET = 12.2;
				MTL_ENABLE_DEBUG_INFO = NO;
				MTL_FAST_MATH = YES;
				SDKROOT = iphoneos;
				SWIFT_COMPILATION_MODE = wholemodule;
				SWIFT_OPTIMIZATION_LEVEL = "-O";
				VALIDATE_PRODUCT = YES;
			};
			name = Release;
		};
		A614C36E22CE0A6B00420005 /* Debug */ = {
			isa = XCBuildConfiguration;
			buildSettings = {
				ASSETCATALOG_COMPILER_APPICON_NAME = AppIcon;
				CODE_SIGN_STYLE = Automatic;
				DEVELOPMENT_TEAM = 9WZ3H873AV;
				INFOPLIST_FILE = DemoCoreText/Info.plist;
				IPHONEOS_DEPLOYMENT_TARGET = 10.0;
				LD_RUNPATH_SEARCH_PATHS = (
					"$(inherited)",
					"@executable_path/Frameworks",
				);
				PRODUCT_BUNDLE_IDENTIFIER = com.unmeshrathod.DemoCoreText;
				PRODUCT_NAME = "$(TARGET_NAME)";
				SWIFT_VERSION = 4.0;
				TARGETED_DEVICE_FAMILY = "1,2";
			};
			name = Debug;
		};
		A614C36F22CE0A6B00420005 /* Release */ = {
			isa = XCBuildConfiguration;
			buildSettings = {
				ASSETCATALOG_COMPILER_APPICON_NAME = AppIcon;
				CODE_SIGN_STYLE = Automatic;
				DEVELOPMENT_TEAM = 9WZ3H873AV;
				INFOPLIST_FILE = DemoCoreText/Info.plist;
				IPHONEOS_DEPLOYMENT_TARGET = 10.0;
				LD_RUNPATH_SEARCH_PATHS = (
					"$(inherited)",
					"@executable_path/Frameworks",
				);
				PRODUCT_BUNDLE_IDENTIFIER = com.unmeshrathod.DemoCoreText;
				PRODUCT_NAME = "$(TARGET_NAME)";
				SWIFT_VERSION = 4.0;
				TARGETED_DEVICE_FAMILY = "1,2";
			};
			name = Release;
		};
/* End XCBuildConfiguration section */

/* Begin XCConfigurationList section */
		A614C35622CE0A6900420005 /* Build configuration list for PBXProject "DemoCoreText" */ = {
			isa = XCConfigurationList;
			buildConfigurations = (
				A614C36B22CE0A6B00420005 /* Debug */,
				A614C36C22CE0A6B00420005 /* Release */,
			);
			defaultConfigurationIsVisible = 0;
			defaultConfigurationName = Release;
		};
		A614C36D22CE0A6B00420005 /* Build configuration list for PBXNativeTarget "DemoCoreText" */ = {
			isa = XCConfigurationList;
			buildConfigurations = (
				A614C36E22CE0A6B00420005 /* Debug */,
				A614C36F22CE0A6B00420005 /* Release */,
			);
			defaultConfigurationIsVisible = 0;
			defaultConfigurationName = Release;
		};
/* End XCConfigurationList section */
	};
	rootObject = A614C35322CE0A6900420005 /* Project object */;
}
